
Microsoft Visual Studio Solution File, Format Version 12.00
# Visual Studio Version 17
VisualStudioVersion = 17.5.002.0
MinimumVisualStudioVersion = 10.0.40219.1
Project("{9A19103F-16F7-4668-BE54-9A1E7A4F7556}") = "BurgerAPI", "BurgerAPI.csproj", "{EB890A8A-5A28-4539-84E7-96FBAE6B39CF}"
EndProject
Global
	GlobalSection(SolutionConfigurationPlatforms) = preSolution
		Debug|Any CPU = Debug|Any CPU
		Release|Any CPU = Release|Any CPU
	EndGlobalSection
	GlobalSection(ProjectConfigurationPlatforms) = postSolution
		{EB890A8A-5A28-4539-84E7-96FBAE6B39CF}.Debug|Any CPU.ActiveCfg = Debug|Any CPU
		{EB890A8A-5A28-4539-84E7-96FBAE6B39CF}.Debug|Any CPU.Build.0 = Debug|Any CPU
		{EB890A8A-5A28-4539-84E7-96FBAE6B39CF}.Release|Any CPU.ActiveCfg = Release|Any CPU
		{EB890A8A-5A28-4539-84E7-96FBAE6B39CF}.Release|Any CPU.Build.0 = Release|Any CPU
	EndGlobalSection
	GlobalSection(SolutionProperties) = preSolution
		HideSolutionNode = FALSE
	EndGlobalSection
	GlobalSection(ExtensibilityGlobals) = postSolution
		SolutionGuid = {09050323-79DC-4C36-9FAF-7A8C9CB0B6BC}
	EndGlobalSection
EndGlobal
